// !$*UTF8*$!
{
	archiveVersion = 1;
	classes = {
	};
	objectVersion = 48;
	objects = {

/* Begin PBXBuildFile section */
		BC7232E2205FA6AE00E374D0 /* AppDelegate.m in Sources */ = {isa = PBXBuildFile; fileRef = BC7232E1205FA6AE00E374D0 /* AppDelegate.m */; };
		BC7232E5205FA6AE00E374D0 /* ViewController.m in Sources */ = {isa = PBXBuildFile; fileRef = BC7232E4205FA6AE00E374D0 /* ViewController.m */; };
		BC7232E8205FA6AE00E374D0 /* Main.storyboard in Resources */ = {isa = PBXBuildFile; fileRef = BC7232E6205FA6AE00E374D0 /* Main.storyboard */; };
		BC7232EA205FA6AE00E374D0 /* Assets.xcassets in Resources */ = {isa = PBXBuildFile; fileRef = BC7232E9205FA6AE00E374D0 /* Assets.xcassets */; };
		BC7232ED205FA6AE00E374D0 /* LaunchScreen.storyboard in Resources */ = {isa = PBXBuildFile; fileRef = BC7232EB205FA6AE00E374D0 /* LaunchScreen.storyboard */; };
		BC7232F0205FA6AE00E374D0 /* main.m in Sources */ = {isa = PBXBuildFile; fileRef = BC7232EF205FA6AE00E374D0 /* main.m */; };
		BC7232F9205FA78000E374D0 /* SKButton.m in Sources */ = {isa = PBXBuildFile; fileRef = BC7232F8205FA78000E374D0 /* SKButton.m */; };
		BC892D53226570020059BB07 /* UIButton+SKChain.m in Sources */ = {isa = PBXBuildFile; fileRef = BC892D51226570020059BB07 /* UIButton+SKChain.m */; };
		BC892D5C22659F9E0059BB07 /* UIImageView+SKChain.m in Sources */ = {isa = PBXBuildFile; fileRef = BC892D5B22659F9E0059BB07 /* UIImageView+SKChain.m */; };
		BC892D6D2268204E0059BB07 /* Colours.m in Sources */ = {isa = PBXBuildFile; fileRef = BC892D6C2268204E0059BB07 /* Colours.m */; };
		BCB5B5A12074D31D00E865DA /* UIView+SKChain.m in Sources */ = {isa = PBXBuildFile; fileRef = BCB5B5A02074D31D00E865DA /* UIView+SKChain.m */; };
		BCC4C48A2179724D00E19785 /* UILabel+SKChain.m in Sources */ = {isa = PBXBuildFile; fileRef = BCC4C4892179724D00E19785 /* UILabel+SKChain.m */; };
/* End PBXBuildFile section */

/* Begin PBXFileReference section */
		BC7232DD205FA6AE00E374D0 /* SKChainProgramming.app */ = {isa = PBXFileReference; explicitFileType = wrapper.application; includeInIndex = 0; path = SKChainProgramming.app; sourceTree = BUILT_PRODUCTS_DIR; };
		BC7232E0205FA6AE00E374D0 /* AppDelegate.h */ = {isa = PBXFileReference; lastKnownFileType = sourcecode.c.h; path = AppDelegate.h; sourceTree = "<group>"; };
		BC7232E1205FA6AE00E374D0 /* AppDelegate.m */ = {isa = PBXFileReference; lastKnownFileType = sourcecode.c.objc; path = AppDelegate.m; sourceTree = "<group>"; };
		BC7232E3205FA6AE00E374D0 /* ViewController.h */ = {isa = PBXFileReference; lastKnownFileType = sourcecode.c.h; path = ViewController.h; sourceTree = "<group>"; };
		BC7232E4205FA6AE00E374D0 /* ViewController.m */ = {isa = PBXFileReference; lastKnownFileType = sourcecode.c.objc; path = ViewController.m; sourceTree = "<group>"; };
		BC7232E7205FA6AE00E374D0 /* Base */ = {isa = PBXFileReference; lastKnownFileType = file.storyboard; name = Base; path = Base.lproj/Main.storyboard; sourceTree = "<group>"; };
		BC7232E9205FA6AE00E374D0 /* Assets.xcassets */ = {isa = PBXFileReference; lastKnownFileType = folder.assetcatalog; path = Assets.xcassets; sourceTree = "<group>"; };
		BC7232EC205FA6AE00E374D0 /* Base */ = {isa = PBXFileReference; lastKnownFileType = file.storyboard; name = Base; path = Base.lproj/LaunchScreen.storyboard; sourceTree = "<group>"; };
		BC7232EE205FA6AE00E374D0 /* Info.plist */ = {isa = PBXFileReference; lastKnownFileType = text.plist.xml; path = Info.plist; sourceTree = "<group>"; };
		BC7232EF205FA6AE00E374D0 /* main.m */ = {isa = PBXFileReference; lastKnownFileType = sourcecode.c.objc; path = main.m; sourceTree = "<group>"; };
		BC7232F7205FA78000E374D0 /* SKButton.h */ = {isa = PBXFileReference; fileEncoding = 4; lastKnownFileType = sourcecode.c.h; path = SKButton.h; sourceTree = "<group>"; };
		BC7232F8205FA78000E374D0 /* SKButton.m */ = {isa = PBXFileReference; fileEncoding = 4; lastKnownFileType = sourcecode.c.objc; path = SKButton.m; sourceTree = "<group>"; };
		BC892D51226570020059BB07 /* UIButton+SKChain.m */ = {isa = PBXFileReference; fileEncoding = 4; lastKnownFileType = sourcecode.c.objc; path = "UIButton+SKChain.m"; sourceTree = "<group>"; };
		BC892D52226570020059BB07 /* UIButton+SKChain.h */ = {isa = PBXFileReference; fileEncoding = 4; lastKnownFileType = sourcecode.c.h; path = "UIButton+SKChain.h"; sourceTree = "<group>"; };
		BC892D5A22659F9E0059BB07 /* UIImageView+SKChain.h */ = {isa = PBXFileReference; lastKnownFileType = sourcecode.c.h; path = "UIImageView+SKChain.h"; sourceTree = "<group>"; };
		BC892D5B22659F9E0059BB07 /* UIImageView+SKChain.m */ = {isa = PBXFileReference; lastKnownFileType = sourcecode.c.objc; path = "UIImageView+SKChain.m"; sourceTree = "<group>"; };
		BC892D5E2265A4130059BB07 /* SKChainHeader.h */ = {isa = PBXFileReference; lastKnownFileType = sourcecode.c.h; path = SKChainHeader.h; sourceTree = "<group>"; };
		BC892D6B2268204D0059BB07 /* Colours.h */ = {isa = PBXFileReference; fileEncoding = 4; lastKnownFileType = sourcecode.c.h; path = Colours.h; sourceTree = "<group>"; };
		BC892D6C2268204E0059BB07 /* Colours.m */ = {isa = PBXFileReference; fileEncoding = 4; lastKnownFileType = sourcecode.c.objc; path = Colours.m; sourceTree = "<group>"; };
		BCB5B59F2074D31D00E865DA /* UIView+SKChain.h */ = {isa = PBXFileReference; lastKnownFileType = sourcecode.c.h; path = "UIView+SKChain.h"; sourceTree = "<group>"; };
		BCB5B5A02074D31D00E865DA /* UIView+SKChain.m */ = {isa = PBXFileReference; lastKnownFileType = sourcecode.c.objc; path = "UIView+SKChain.m"; sourceTree = "<group>"; };
		BCC4C4882179724D00E19785 /* UILabel+SKChain.h */ = {isa = PBXFileReference; lastKnownFileType = sourcecode.c.h; path = "UILabel+SKChain.h"; sourceTree = "<group>"; };
		BCC4C4892179724D00E19785 /* UILabel+SKChain.m */ = {isa = PBXFileReference; lastKnownFileType = sourcecode.c.objc; path = "UILabel+SKChain.m"; sourceTree = "<group>"; };
/* End PBXFileReference section */

/* Begin PBXFrameworksBuildPhase section */
		BC7232DA205FA6AE00E374D0 /* Frameworks */ = {
			isa = PBXFrameworksBuildPhase;
			buildActionMask = 2147483647;
			files = (
			);
			runOnlyForDeploymentPostprocessing = 0;
		};
/* End PBXFrameworksBuildPhase section */

/* Begin PBXGroup section */
		BC7232D4205FA6AE00E374D0 = {
			isa = PBXGroup;
			children = (
				BC7232DF205FA6AE00E374D0 /* SKChainProgramming */,
				BC7232DE205FA6AE00E374D0 /* Products */,
			);
			sourceTree = "<group>";
		};
		BC7232DE205FA6AE00E374D0 /* Products */ = {
			isa = PBXGroup;
			children = (
				BC7232DD205FA6AE00E374D0 /* SKChainProgramming.app */,
			);
			name = Products;
			sourceTree = "<group>";
		};
		BC7232DF205FA6AE00E374D0 /* SKChainProgramming */ = {
			isa = PBXGroup;
			children = (
				BC7232F6205FA75800E374D0 /* SKChainTools */,
				BC7232E0205FA6AE00E374D0 /* AppDelegate.h */,
				BC7232E1205FA6AE00E374D0 /* AppDelegate.m */,
				BC7232E3205FA6AE00E374D0 /* ViewController.h */,
				BC7232E4205FA6AE00E374D0 /* ViewController.m */,
				BC7232E6205FA6AE00E374D0 /* Main.storyboard */,
				BC7232E9205FA6AE00E374D0 /* Assets.xcassets */,
				BC7232EB205FA6AE00E374D0 /* LaunchScreen.storyboard */,
				BC7232EE205FA6AE00E374D0 /* Info.plist */,
				BC7232EF205FA6AE00E374D0 /* main.m */,
			);
			path = SKChainProgramming;
			sourceTree = "<group>";
		};
		BC7232F6205FA75800E374D0 /* SKChainTools */ = {
			isa = PBXGroup;
			children = (
				BCB5B59B2074C24700E865DA /* SKChainCategory */,
				BC7232F7205FA78000E374D0 /* SKButton.h */,
				BC7232F8205FA78000E374D0 /* SKButton.m */,
				BC892D6B2268204D0059BB07 /* Colours.h */,
				BC892D6C2268204E0059BB07 /* Colours.m */,
			);
			path = SKChainTools;
			sourceTree = "<group>";
		};
		BCB5B59B2074C24700E865DA /* SKChainCategory */ = {
			isa = PBXGroup;
			children = (
				BC892D5E2265A4130059BB07 /* SKChainHeader.h */,
				BC892D52226570020059BB07 /* UIButton+SKChain.h */,
				BC892D51226570020059BB07 /* UIButton+SKChain.m */,
				BCC4C4882179724D00E19785 /* UILabel+SKChain.h */,
				BCC4C4892179724D00E19785 /* UILabel+SKChain.m */,
				BC892D5A22659F9E0059BB07 /* UIImageView+SKChain.h */,
				BC892D5B22659F9E0059BB07 /* UIImageView+SKChain.m */,
				BCB5B59F2074D31D00E865DA /* UIView+SKChain.h */,
				BCB5B5A02074D31D00E865DA /* UIView+SKChain.m */,
			);
			path = SKChainCategory;
			sourceTree = "<group>";
		};
/* End PBXGroup section */

/* Begin PBXNativeTarget section */
		BC7232DC205FA6AE00E374D0 /* SKChainProgramming */ = {
			isa = PBXNativeTarget;
			buildConfigurationList = BC7232F3205FA6AE00E374D0 /* Build configuration list for PBXNativeTarget "SKChainProgramming" */;
			buildPhases = (
				BC7232D9205FA6AE00E374D0 /* Sources */,
				BC7232DA205FA6AE00E374D0 /* Frameworks */,
				BC7232DB205FA6AE00E374D0 /* Resources */,
			);
			buildRules = (
			);
			dependencies = (
			);
			name = SKChainProgramming;
			productName = SKChainProgramming;
			productReference = BC7232DD205FA6AE00E374D0 /* SKChainProgramming.app */;
			productType = "com.apple.product-type.application";
		};
/* End PBXNativeTarget section */

/* Begin PBXProject section */
		BC7232D5205FA6AE00E374D0 /* Project object */ = {
			isa = PBXProject;
			attributes = {
				LastUpgradeCheck = 0920;
				ORGANIZATIONNAME = wushangkun;
				TargetAttributes = {
					BC7232DC205FA6AE00E374D0 = {
						CreatedOnToolsVersion = 9.2;
						ProvisioningStyle = Manual;
					};
				};
			};
			buildConfigurationList = BC7232D8205FA6AE00E374D0 /* Build configuration list for PBXProject "SKChainProgramming" */;
			compatibilityVersion = "Xcode 8.0";
			developmentRegion = en;
			hasScannedForEncodings = 0;
			knownRegions = (
				en,
				Base,
			);
			mainGroup = BC7232D4205FA6AE00E374D0;
			productRefGroup = BC7232DE205FA6AE00E374D0 /* Products */;
			projectDirPath = "";
			projectRoot = "";
			targets = (
				BC7232DC205FA6AE00E374D0 /* SKChainProgramming */,
			);
		};
/* End PBXProject section */

/* Begin PBXResourcesBuildPhase section */
		BC7232DB205FA6AE00E374D0 /* Resources */ = {
			isa = PBXResourcesBuildPhase;
			buildActionMask = 2147483647;
			files = (
				BC7232ED205FA6AE00E374D0 /* LaunchScreen.storyboard in Resources */,
				BC7232EA205FA6AE00E374D0 /* Assets.xcassets in Resources */,
				BC7232E8205FA6AE00E374D0 /* Main.storyboard in Resources */,
			);
			runOnlyForDeploymentPostprocessing = 0;
		};
/* End PBXResourcesBuildPhase section */

/* Begin PBXSourcesBuildPhase section */
		BC7232D9205FA6AE00E374D0 /* Sources */ = {
			isa = PBXSourcesBuildPhase;
			buildActionMask = 2147483647;
			files = (
				BC7232E5205FA6AE00E374D0 /* ViewController.m in Sources */,
				BC7232F0205FA6AE00E374D0 /* main.m in Sources */,
				BC892D53226570020059BB07 /* UIButton+SKChain.m in Sources */,
				BCC4C48A2179724D00E19785 /* UILabel+SKChain.m in Sources */,
				BCB5B5A12074D31D00E865DA /* UIView+SKChain.m in Sources */,
				BC892D6D2268204E0059BB07 /* Colours.m in Sources */,
				BC892D5C22659F9E0059BB07 /* UIImageView+SKChain.m in Sources */,
				BC7232E2205FA6AE00E374D0 /* AppDelegate.m in Sources */,
				BC7232F9205FA78000E374D0 /* SKButton.m in Sources */,
			);
			runOnlyForDeploymentPostprocessing = 0;
		};
/* End PBXSourcesBuildPhase section */

/* Begin PBXVariantGroup section */
		BC7232E6205FA6AE00E374D0 /* Main.storyboard */ = {
			isa = PBXVariantGroup;
			children = (
				BC7232E7205FA6AE00E374D0 /* Base */,
			);
			name = Main.storyboard;
			sourceTree = "<group>";
		};
		BC7232EB205FA6AE00E374D0 /* LaunchScreen.storyboard */ = {
			isa = PBXVariantGroup;
			children = (
				BC7232EC205FA6AE00E374D0 /* Base */,
			);
			name = LaunchScreen.storyboard;
			sourceTree = "<group>";
		};
/* End PBXVariantGroup section */

/* Begin XCBuildConfiguration section */
		BC7232F1205FA6AE00E374D0 /* Debug */ = {
			isa = XCBuildConfiguration;
			buildSettings = {
				ALWAYS_SEARCH_USER_PATHS = NO;
				CLANG_ANALYZER_NONNULL = YES;
				CLANG_ANALYZER_NUMBER_OBJECT_CONVERSION = YES_AGGRESSIVE;
				CLANG_CXX_LANGUAGE_STANDARD = "gnu++14";
				CLANG_CXX_LIBRARY = "libc++";
				CLANG_ENABLE_MODULES = YES;
				CLANG_ENABLE_OBJC_ARC = YES;
				CLANG_WARN_BLOCK_CAPTURE_AUTORELEASING = YES;
				CLANG_WARN_BOOL_CONVERSION = YES;
				CLANG_WARN_COMMA = YES;
				CLANG_WARN_CONSTANT_CONVERSION = YES;
				CLANG_WARN_DIRECT_OBJC_ISA_USAGE = YES_ERROR;
				CLANG_WARN_DOCUMENTATION_COMMENTS = YES;
				CLANG_WARN_EMPTY_BODY = YES;
				CLANG_WARN_ENUM_CONVERSION = YES;
				CLANG_WARN_INFINITE_RECURSION = YES;
				CLANG_WARN_INT_CONVERSION = YES;
				CLANG_WARN_NON_LITERAL_NULL_CONVERSION = YES;
				CLANG_WARN_OBJC_LITERAL_CONVERSION = YES;
				CLANG_WARN_OBJC_ROOT_CLASS = YES_ERROR;
				CLANG_WARN_RANGE_LOOP_ANALYSIS = YES;
				CLANG_WARN_STRICT_PROTOTYPES = YES;
				CLANG_WARN_SUSPICIOUS_MOVE = YES;
				CLANG_WARN_UNGUARDED_AVAILABILITY = YES_AGGRESSIVE;
				CLANG_WARN_UNREACHABLE_CODE = YES;
				CLANG_WARN__DUPLICATE_METHOD_MATCH = YES;
				CODE_SIGN_IDENTITY = "iPhone Developer";
				COPY_PHASE_STRIP = NO;
				DEBUG_INFORMATION_FORMAT = dwarf;
				ENABLE_STRICT_OBJC_MSGSEND = YES;
				ENABLE_TESTABILITY = YES;
				GCC_C_LANGUAGE_STANDARD = gnu11;
				GCC_DYNAMIC_NO_PIC = NO;
				GCC_NO_COMMON_BLOCKS = YES;
				GCC_OPTIMIZATION_LEVEL = 0;
				GCC_PREPROCESSOR_DEFINITIONS = (
					"DEBUG=1",
					"$(inherited)",
				);
				GCC_WARN_64_TO_32_BIT_CONVERSION = YES;
				GCC_WARN_ABOUT_RETURN_TYPE = YES_ERROR;
				GCC_WARN_UNDECLARED_SELECTOR = YES;
				GCC_WARN_UNINITIALIZED_AUTOS = YES_AGGRESSIVE;
				GCC_WARN_UNUSED_FUNCTION = YES;
				GCC_WARN_UNUSED_VARIABLE = YES;
				IPHONEOS_DEPLOYMENT_TARGET = 11.2;
				MTL_ENABLE_DEBUG_INFO = YES;
				ONLY_ACTIVE_ARCH = YES;
				SDKROOT = iphoneos;
			};
			name = Debug;
		};
		BC7232F2205FA6AE00E374D0 /* Release */ = {
			isa = XCBuildConfiguration;
			buildSettings = {
				ALWAYS_SEARCH_USER_PATHS = NO;
				CLANG_ANALYZER_NONNULL = YES;
				CLANG_ANALYZER_NUMBER_OBJECT_CONVERSION = YES_AGGRESSIVE;
				CLANG_CXX_LANGUAGE_STANDARD = "gnu++14";
				CLANG_CXX_LIBRARY = "libc++";
				CLANG_ENABLE_MODULES = YES;
				CLANG_ENABLE_OBJC_ARC = YES;
				CLANG_WARN_BLOCK_CAPTURE_AUTORELEASING = YES;
				CLANG_WARN_BOOL_CONVERSION = YES;
				CLANG_WARN_COMMA = YES;
				CLANG_WARN_CONSTANT_CONVERSION = YES;
				CLANG_WARN_DIRECT_OBJC_ISA_USAGE = YES_ERROR;
				CLANG_WARN_DOCUMENTATION_COMMENTS = YES;
				CLANG_WARN_EMPTY_BODY = YES;
				CLANG_WARN_ENUM_CONVERSION = YES;
				CLANG_WARN_INFINITE_RECURSION = YES;
				CLANG_WARN_INT_CONVERSION = YES;
				CLANG_WARN_NON_LITERAL_NULL_CONVERSION = YES;
				CLANG_WARN_OBJC_LITERAL_CONVERSION = YES;
				CLANG_WARN_OBJC_ROOT_CLASS = YES_ERROR;
				CLANG_WARN_RANGE_LOOP_ANALYSIS = YES;
				CLANG_WARN_STRICT_PROTOTYPES = YES;
				CLANG_WARN_SUSPICIOUS_MOVE = YES;
				CLANG_WARN_UNGUARDED_AVAILABILITY = YES_AGGRESSIVE;
				CLANG_WARN_UNREACHABLE_CODE = YES;
				CLANG_WARN__DUPLICATE_METHOD_MATCH = YES;
				CODE_SIGN_IDENTITY = "iPhone Developer";
				COPY_PHASE_STRIP = NO;
				DEBUG_INFORMATION_FORMAT = "dwarf-with-dsym";
				ENABLE_NS_ASSERTIONS = NO;
				ENABLE_STRICT_OBJC_MSGSEND = YES;
				GCC_C_LANGUAGE_STANDARD = gnu11;
				GCC_NO_COMMON_BLOCKS = YES;
				GCC_WARN_64_TO_32_BIT_CONVERSION = YES;
				GCC_WARN_ABOUT_RETURN_TYPE = YES_ERROR;
				GCC_WARN_UNDECLARED_SELECTOR = YES;
				GCC_WARN_UNINITIALIZED_AUTOS = YES_AGGRESSIVE;
				GCC_WARN_UNUSED_FUNCTION = YES;
				GCC_WARN_UNUSED_VARIABLE = YES;
				IPHONEOS_DEPLOYMENT_TARGET = 11.2;
				MTL_ENABLE_DEBUG_INFO = NO;
				SDKROOT = iphoneos;
				VALIDATE_PRODUCT = YES;
			};
			name = Release;
		};
		BC7232F4205FA6AE00E374D0 /* Debug */ = {
			isa = XCBuildConfiguration;
			buildSettings = {
				ASSETCATALOG_COMPILER_APPICON_NAME = AppIcon;
				CODE_SIGN_STYLE = Manual;
				DEVELOPMENT_TEAM = UF53LK3476;
				INFOPLIST_FILE = SKChainProgramming/Info.plist;
				IPHONEOS_DEPLOYMENT_TARGET = 10.0;
				LD_RUNPATH_SEARCH_PATHS = "$(inherited) @executable_path/Frameworks";
				PRODUCT_BUNDLE_IDENTIFIER = com.wushangkun.SKChainProgramming;
				PRODUCT_NAME = "$(TARGET_NAME)";
				PROVISIONING_PROFILE_SPECIFIER = OwenLin_Dev;
				TARGETED_DEVICE_FAMILY = "1,2";
			};
			name = Debug;
		};
		BC7232F5205FA6AE00E374D0 /* Release */ = {
			isa = XCBuildConfiguration;
			buildSettings = {
				ASSETCATALOG_COMPILER_APPICON_NAME = AppIcon;
				CODE_SIGN_STYLE = Manual;
				DEVELOPMENT_TEAM = "";
				INFOPLIST_FILE = SKChainProgramming/Info.plist;
				IPHONEOS_DEPLOYMENT_TARGET = 10.0;
				LD_RUNPATH_SEARCH_PATHS = "$(inherited) @executable_path/Frameworks";
				PRODUCT_BUNDLE_IDENTIFIER = com.wushangkun.SKChainProgramming;
				PRODUCT_NAME = "$(TARGET_NAME)";
				PROVISIONING_PROFILE_SPECIFIER = "";
				TARGETED_DEVICE_FAMILY = "1,2";
			};
			name = Release;
		};
/* End XCBuildConfiguration section */

/* Begin XCConfigurationList section */
		BC7232D8205FA6AE00E374D0 /* Build configuration list for PBXProject "SKChainProgramming" */ = {
			isa = XCConfigurationList;
			buildConfigurations = (
				BC7232F1205FA6AE00E374D0 /* Debug */,
				BC7232F2205FA6AE00E374D0 /* Release */,
			);
			defaultConfigurationIsVisible = 0;
			defaultConfigurationName = Release;
		};
		BC7232F3205FA6AE00E374D0 /* Build configuration list for PBXNativeTarget "SKChainProgramming" */ = {
			isa = XCConfigurationList;
			buildConfigurations = (
				BC7232F4205FA6AE00E374D0 /* Debug */,
				BC7232F5205FA6AE00E374D0 /* Release */,
			);
			defaultConfigurationIsVisible = 0;
			defaultConfigurationName = Release;
		};
/* End XCConfigurationList section */
	};
	rootObject = BC7232D5205FA6AE00E374D0 /* Project object */;
}
